
Microsoft Visual Studio Solution File, Format Version 12.00
# Visual Studio Version 17
VisualStudioVersion = 17.7.34031.279
MinimumVisualStudioVersion = 10.0.40219.1
Project("{FAE04EC0-301F-11D3-BF4B-00C04F79EFBC}") = "WebBanGiay", "WebBanGiay\WebBanGiay.csproj", "{6A3CA12D-EE24-4192-AAAA-A6B6A6865BF8}"
EndProject
Global
	GlobalSection(SolutionConfigurationPlatforms) = preSolution
		Debug|Any CPU = Debug|Any CPU
		Release|Any CPU = Release|Any CPU
	EndGlobalSection
	GlobalSection(ProjectConfigurationPlatforms) = postSolution
		{6A3CA12D-EE24-4192-AAAA-A6B6A6865BF8}.Debug|Any CPU.ActiveCfg = Debug|Any CPU
		{6A3CA12D-EE24-4192-AAAA-A6B6A6865BF8}.Debug|Any CPU.Build.0 = Debug|Any CPU
		{6A3CA12D-EE24-4192-AAAA-A6B6A6865BF8}.Release|Any CPU.ActiveCfg = Release|Any CPU
		{6A3CA12D-EE24-4192-AAAA-A6B6A6865BF8}.Release|Any CPU.Build.0 = Release|Any CPU
	EndGlobalSection
	GlobalSection(SolutionProperties) = preSolution
		HideSolutionNode = FALSE
	EndGlobalSection
	GlobalSection(ExtensibilityGlobals) = postSolution
		SolutionGuid = {CA2179E0-3F2C-4C02-A6E6-84B28AAC7289}
	EndGlobalSection
EndGlobal
